
Microsoft Visual Studio Solution File, Format Version 12.00
# Visual Studio Version 17
VisualStudioVersion = 17.9.34728.123
MinimumVisualStudioVersion = 10.0.40219.1
Project("{FAE04EC0-301F-11D3-BF4B-00C04F79EFBC}") = "oop_lessons", "oop_lessons.csproj", "{D5817028-31B1-44A4-9762-07A020E7DC3A}"
EndProject
Global
	GlobalSection(SolutionConfigurationPlatforms) = preSolution
		Debug|Any CPU = Debug|Any CPU
		Release|Any CPU = Release|Any CPU
	EndGlobalSection
	GlobalSection(ProjectConfigurationPlatforms) = postSolution
		{D5817028-31B1-44A4-9762-07A020E7DC3A}.Debug|Any CPU.ActiveCfg = Debug|Any CPU
		{D5817028-31B1-44A4-9762-07A020E7DC3A}.Debug|Any CPU.Build.0 = Debug|Any CPU
		{D5817028-31B1-44A4-9762-07A020E7DC3A}.Release|Any CPU.ActiveCfg = Release|Any CPU
		{D5817028-31B1-44A4-9762-07A020E7DC3A}.Release|Any CPU.Build.0 = Release|Any CPU
	EndGlobalSection
	GlobalSection(SolutionProperties) = preSolution
		HideSolutionNode = FALSE
	EndGlobalSection
	GlobalSection(ExtensibilityGlobals) = postSolution
		SolutionGuid = {57F71B2D-1BE3-4690-97CC-A433AFC25A15}
	EndGlobalSection
EndGlobal
